
Microsoft Visual Studio Solution File, Format Version 12.00
# Visual Studio Version 17
VisualStudioVersion = 17.4.33110.190
MinimumVisualStudioVersion = 10.0.40219.1
Project("{9A19103F-16F7-4668-BE54-9A1E7A4F7556}") = "KitchenConnection", "KitchenConnection\KitchenConnection.csproj", "{C4606FEA-6A2B-4CFB-932D-0EE6F5914AA7}"
EndProject
Project("{9A19103F-16F7-4668-BE54-9A1E7A4F7556}") = "KitchenConnection.DataLayer", "KitchenConnection.Data\KitchenConnection.DataLayer.csproj", "{D5B16562-E7C8-4301-82BE-288727CCD859}"
EndProject
Project("{9A19103F-16F7-4668-BE54-9A1E7A4F7556}") = "KitchenConnection.Elastic", "KitchenConnection.Elastic\KitchenConnection.Elastic.csproj", "{6A8A08FD-2A51-4688-A18F-44C3485E1319}"
EndProject
Project("{9A19103F-16F7-4668-BE54-9A1E7A4F7556}") = "KitchenConnection.BusinessLogic", "KitchenConnection.Services\KitchenConnection.BusinessLogic.csproj", "{AF42FC08-6E83-495B-81B1-66CA93211C96}"
EndProject
Project("{9A19103F-16F7-4668-BE54-9A1E7A4F7556}") = "KitchenConnection.Notifier", "KitchenConnection.Notifier\KitchenConnection.Notifier.csproj", "{7A774BFD-FFE0-45EA-9AC6-6BAE8DBFE9C0}"
EndProject
Project("{FAE04EC0-301F-11D3-BF4B-00C04F79EFBC}") = "BlazorAppDemo", "BlazorAppDemo\BlazorAppDemo.csproj", "{78180A55-4754-4D9B-AF68-402655CC4DC9}"
EndProject
Global
	GlobalSection(SolutionConfigurationPlatforms) = preSolution
		Debug|Any CPU = Debug|Any CPU
		Release|Any CPU = Release|Any CPU
	EndGlobalSection
	GlobalSection(ProjectConfigurationPlatforms) = postSolution
		{C4606FEA-6A2B-4CFB-932D-0EE6F5914AA7}.Debug|Any CPU.ActiveCfg = Debug|Any CPU
		{C4606FEA-6A2B-4CFB-932D-0EE6F5914AA7}.Debug|Any CPU.Build.0 = Debug|Any CPU
		{C4606FEA-6A2B-4CFB-932D-0EE6F5914AA7}.Release|Any CPU.ActiveCfg = Release|Any CPU
		{C4606FEA-6A2B-4CFB-932D-0EE6F5914AA7}.Release|Any CPU.Build.0 = Release|Any CPU
		{D5B16562-E7C8-4301-82BE-288727CCD859}.Debug|Any CPU.ActiveCfg = Debug|Any CPU
		{D5B16562-E7C8-4301-82BE-288727CCD859}.Debug|Any CPU.Build.0 = Debug|Any CPU
		{D5B16562-E7C8-4301-82BE-288727CCD859}.Release|Any CPU.ActiveCfg = Release|Any CPU
		{D5B16562-E7C8-4301-82BE-288727CCD859}.Release|Any CPU.Build.0 = Release|Any CPU
		{6A8A08FD-2A51-4688-A18F-44C3485E1319}.Debug|Any CPU.ActiveCfg = Debug|Any CPU
		{6A8A08FD-2A51-4688-A18F-44C3485E1319}.Debug|Any CPU.Build.0 = Debug|Any CPU
		{6A8A08FD-2A51-4688-A18F-44C3485E1319}.Release|Any CPU.ActiveCfg = Release|Any CPU
		{6A8A08FD-2A51-4688-A18F-44C3485E1319}.Release|Any CPU.Build.0 = Release|Any CPU
		{AF42FC08-6E83-495B-81B1-66CA93211C96}.Debug|Any CPU.ActiveCfg = Debug|Any CPU
		{AF42FC08-6E83-495B-81B1-66CA93211C96}.Debug|Any CPU.Build.0 = Debug|Any CPU
		{AF42FC08-6E83-495B-81B1-66CA93211C96}.Release|Any CPU.ActiveCfg = Release|Any CPU
		{AF42FC08-6E83-495B-81B1-66CA93211C96}.Release|Any CPU.Build.0 = Release|Any CPU
		{7A774BFD-FFE0-45EA-9AC6-6BAE8DBFE9C0}.Debug|Any CPU.ActiveCfg = Debug|Any CPU
		{7A774BFD-FFE0-45EA-9AC6-6BAE8DBFE9C0}.Debug|Any CPU.Build.0 = Debug|Any CPU
		{7A774BFD-FFE0-45EA-9AC6-6BAE8DBFE9C0}.Release|Any CPU.ActiveCfg = Release|Any CPU
		{7A774BFD-FFE0-45EA-9AC6-6BAE8DBFE9C0}.Release|Any CPU.Build.0 = Release|Any CPU
		{78180A55-4754-4D9B-AF68-402655CC4DC9}.Debug|Any CPU.ActiveCfg = Debug|Any CPU
		{78180A55-4754-4D9B-AF68-402655CC4DC9}.Debug|Any CPU.Build.0 = Debug|Any CPU
		{78180A55-4754-4D9B-AF68-402655CC4DC9}.Release|Any CPU.ActiveCfg = Release|Any CPU
		{78180A55-4754-4D9B-AF68-402655CC4DC9}.Release|Any CPU.Build.0 = Release|Any CPU
	EndGlobalSection
	GlobalSection(SolutionProperties) = preSolution
		HideSolutionNode = FALSE
	EndGlobalSection
	GlobalSection(ExtensibilityGlobals) = postSolution
		SolutionGuid = {C2F0866F-B425-4466-B02B-35FD50D64DA2}
	EndGlobalSection
EndGlobal
